
Microsoft Visual Studio Solution File, Format Version 12.00
# Visual Studio Version 16
VisualStudioVersion = 16.0.34902.97
MinimumVisualStudioVersion = 10.0.40219.1
Project("{FAE04EC0-301F-11D3-BF4B-00C04F79EFBC}") = "TeknikV1.0", "TeknikV1.0\TeknikV1.0.csproj", "{F824F0DB-CDBA-4E6F-86C1-70125BED100C}"
EndProject
Global
	GlobalSection(SolutionConfigurationPlatforms) = preSolution
		Debug|Any CPU = Debug|Any CPU
		Release|Any CPU = Release|Any CPU
	EndGlobalSection
	GlobalSection(ProjectConfigurationPlatforms) = postSolution
		{F824F0DB-CDBA-4E6F-86C1-70125BED100C}.Debug|Any CPU.ActiveCfg = Debug|Any CPU
		{F824F0DB-CDBA-4E6F-86C1-70125BED100C}.Debug|Any CPU.Build.0 = Debug|Any CPU
		{F824F0DB-CDBA-4E6F-86C1-70125BED100C}.Release|Any CPU.ActiveCfg = Release|Any CPU
		{F824F0DB-CDBA-4E6F-86C1-70125BED100C}.Release|Any CPU.Build.0 = Release|Any CPU
	EndGlobalSection
	GlobalSection(SolutionProperties) = preSolution
		HideSolutionNode = FALSE
	EndGlobalSection
	GlobalSection(ExtensibilityGlobals) = postSolution
		SolutionGuid = {361AC052-7266-49D5-8BCE-8FBC2D00C631}
	EndGlobalSection
EndGlobal
